
Microsoft Visual Studio Solution File, Format Version 12.00
# Visual Studio Version 16
VisualStudioVersion = 16.0.31624.102
MinimumVisualStudioVersion = 10.0.40219.1
Project("{FAE04EC0-301F-11D3-BF4B-00C04F79EFBC}") = "PHARMACY_MANAGEMENT", "PHARMACY_MANAGEMENT\PHARMACY_MANAGEMENT.csproj", "{7A223B4D-2014-48AF-B723-69D830699604}"
EndProject
Global
	GlobalSection(SolutionConfigurationPlatforms) = preSolution
		Debug|Any CPU = Debug|Any CPU
		Release|Any CPU = Release|Any CPU
	EndGlobalSection
	GlobalSection(ProjectConfigurationPlatforms) = postSolution
		{7A223B4D-2014-48AF-B723-69D830699604}.Debug|Any CPU.ActiveCfg = Debug|Any CPU
		{7A223B4D-2014-48AF-B723-69D830699604}.Debug|Any CPU.Build.0 = Debug|Any CPU
		{7A223B4D-2014-48AF-B723-69D830699604}.Release|Any CPU.ActiveCfg = Release|Any CPU
		{7A223B4D-2014-48AF-B723-69D830699604}.Release|Any CPU.Build.0 = Release|Any CPU
	EndGlobalSection
	GlobalSection(SolutionProperties) = preSolution
		HideSolutionNode = FALSE
	EndGlobalSection
	GlobalSection(ExtensibilityGlobals) = postSolution
		SolutionGuid = {74B3B059-313E-480B-A2A7-BD94D4E432D7}
	EndGlobalSection
EndGlobal
